
Microsoft Visual Studio Solution File, Format Version 12.00
# Visual Studio Version 17
VisualStudioVersion = 17.0.31912.275
MinimumVisualStudioVersion = 10.0.40219.1
Project("{9A19103F-16F7-4668-BE54-9A1E7A4F7556}") = "EEDD", "EEDD\EEDD.csproj", "{450BD5CC-719C-4207-B669-ACAEFD6B420E}"
EndProject
Project("{9A19103F-16F7-4668-BE54-9A1E7A4F7556}") = "ServerData", "EEDD.Data\ServerData.csproj", "{0343E4F2-6224-470D-AD82-0FF726124ACA}"
EndProject
Project("{2150E333-8FDC-42A3-9474-1A3956D46DE8}") = "Solution Items", "Solution Items", "{E8F41F16-BBBE-4E5F-AAA8-90BF8227A249}"
	ProjectSection(SolutionItems) = preProject
		.editorconfig = .editorconfig
	EndProjectSection
EndProject
Project("{9A19103F-16F7-4668-BE54-9A1E7A4F7556}") = "Server", "Server\Server.csproj", "{148F3048-B57E-47EA-98D6-927C01B60036}"
EndProject
Project("{9A19103F-16F7-4668-BE54-9A1E7A4F7556}") = "Communication", "Communication\Communication.csproj", "{8EB57479-1672-4164-ABE1-40643B0C988D}"
EndProject
Project("{9A19103F-16F7-4668-BE54-9A1E7A4F7556}") = "Manager", "Manager\Manager.csproj", "{AEB76599-1174-4F2A-A8F5-AAB954CE9BE7}"
EndProject
Global
	GlobalSection(SolutionConfigurationPlatforms) = preSolution
		Debug|Any CPU = Debug|Any CPU
		Release|Any CPU = Release|Any CPU
	EndGlobalSection
	GlobalSection(ProjectConfigurationPlatforms) = postSolution
		{450BD5CC-719C-4207-B669-ACAEFD6B420E}.Debug|Any CPU.ActiveCfg = Debug|Any CPU
		{450BD5CC-719C-4207-B669-ACAEFD6B420E}.Debug|Any CPU.Build.0 = Debug|Any CPU
		{450BD5CC-719C-4207-B669-ACAEFD6B420E}.Release|Any CPU.ActiveCfg = Release|Any CPU
		{450BD5CC-719C-4207-B669-ACAEFD6B420E}.Release|Any CPU.Build.0 = Release|Any CPU
		{0343E4F2-6224-470D-AD82-0FF726124ACA}.Debug|Any CPU.ActiveCfg = Debug|Any CPU
		{0343E4F2-6224-470D-AD82-0FF726124ACA}.Debug|Any CPU.Build.0 = Debug|Any CPU
		{0343E4F2-6224-470D-AD82-0FF726124ACA}.Release|Any CPU.ActiveCfg = Release|Any CPU
		{0343E4F2-6224-470D-AD82-0FF726124ACA}.Release|Any CPU.Build.0 = Release|Any CPU
		{148F3048-B57E-47EA-98D6-927C01B60036}.Debug|Any CPU.ActiveCfg = Debug|Any CPU
		{148F3048-B57E-47EA-98D6-927C01B60036}.Debug|Any CPU.Build.0 = Debug|Any CPU
		{148F3048-B57E-47EA-98D6-927C01B60036}.Release|Any CPU.ActiveCfg = Release|Any CPU
		{148F3048-B57E-47EA-98D6-927C01B60036}.Release|Any CPU.Build.0 = Release|Any CPU
		{8EB57479-1672-4164-ABE1-40643B0C988D}.Debug|Any CPU.ActiveCfg = Debug|Any CPU
		{8EB57479-1672-4164-ABE1-40643B0C988D}.Debug|Any CPU.Build.0 = Debug|Any CPU
		{8EB57479-1672-4164-ABE1-40643B0C988D}.Release|Any CPU.ActiveCfg = Release|Any CPU
		{8EB57479-1672-4164-ABE1-40643B0C988D}.Release|Any CPU.Build.0 = Release|Any CPU
		{AEB76599-1174-4F2A-A8F5-AAB954CE9BE7}.Debug|Any CPU.ActiveCfg = Debug|Any CPU
		{AEB76599-1174-4F2A-A8F5-AAB954CE9BE7}.Debug|Any CPU.Build.0 = Debug|Any CPU
		{AEB76599-1174-4F2A-A8F5-AAB954CE9BE7}.Release|Any CPU.ActiveCfg = Release|Any CPU
		{AEB76599-1174-4F2A-A8F5-AAB954CE9BE7}.Release|Any CPU.Build.0 = Release|Any CPU
	EndGlobalSection
	GlobalSection(SolutionProperties) = preSolution
		HideSolutionNode = FALSE
	EndGlobalSection
	GlobalSection(ExtensibilityGlobals) = postSolution
		SolutionGuid = {3DDB4A9E-51CB-4284-B5D7-310CC6710430}
	EndGlobalSection
EndGlobal
